
Microsoft Visual Studio Solution File, Format Version 12.00
# Visual Studio 14
VisualStudioVersion = 14.0.24720.0
MinimumVisualStudioVersion = 10.0.40219.1
Project("{FAE04EC0-301F-11D3-BF4B-00C04F79EFBC}") = "ConsultAdminSkills.Droid", "ConsultAdminSkills\ConsultAdminSkills.Droid\ConsultAdminSkills.Droid.csproj", "{D68B3F59-FE45-470A-A418-98F6BD51A453}"
EndProject
Project("{FAE04EC0-301F-11D3-BF4B-00C04F79EFBC}") = "ConsultAdminSkills.iOS", "ConsultAdminSkills\ConsultAdminSkills.iOS\ConsultAdminSkills.iOS.csproj", "{626ED045-4F0A-4AC8-983F-F0BC0D2705A6}"
EndProject
Project("{FAE04EC0-301F-11D3-BF4B-00C04F79EFBC}") = "ConsultAdminSkills.WinPhone", "ConsultAdminSkills\ConsultAdminSkills.WinPhone\ConsultAdminSkills.WinPhone.csproj", "{A08357F6-5AFE-4121-9309-F3F5DFEAFB13}"
EndProject
Project("{FAE04EC0-301F-11D3-BF4B-00C04F79EFBC}") = "ConsultAdminSkills", "ConsultAdminSkills\ConsultAdminSkills\ConsultAdminSkills.csproj", "{C53ACDA2-64DA-41DD-AB8A-49DA5706CE8E}"
EndProject
Project("{2150E333-8FDC-42A3-9474-1A3956D46DE8}") = "Targets", "Targets", "{233D247D-C0C0-439E-A2D6-27D1153B755E}"
EndProject
Project("{FAE04EC0-301F-11D3-BF4B-00C04F79EFBC}") = "ConsultAdmin.Entities", "ConsultAdmin.Entities\ConsultAdmin.Entities.csproj", "{FCF77836-95D6-43C4-A008-88B487525BE5}"
EndProject
Project("{FAE04EC0-301F-11D3-BF4B-00C04F79EFBC}") = "ConsultAdminSkills.UI", "ConsultAdminSkills.UI\ConsultAdminSkills.UI\ConsultAdminSkills.UI.csproj", "{79A886E1-B969-4E6B-A872-850EA32A7151}"
EndProject
Global
	GlobalSection(SolutionConfigurationPlatforms) = preSolution
		Ad-Hoc|Any CPU = Ad-Hoc|Any CPU
		Ad-Hoc|ARM = Ad-Hoc|ARM
		Ad-Hoc|iPhone = Ad-Hoc|iPhone
		Ad-Hoc|iPhoneSimulator = Ad-Hoc|iPhoneSimulator
		Ad-Hoc|x86 = Ad-Hoc|x86
		AppStore|Any CPU = AppStore|Any CPU
		AppStore|ARM = AppStore|ARM
		AppStore|iPhone = AppStore|iPhone
		AppStore|iPhoneSimulator = AppStore|iPhoneSimulator
		AppStore|x86 = AppStore|x86
		Debug|Any CPU = Debug|Any CPU
		Debug|ARM = Debug|ARM
		Debug|iPhone = Debug|iPhone
		Debug|iPhoneSimulator = Debug|iPhoneSimulator
		Debug|x86 = Debug|x86
		Release|Any CPU = Release|Any CPU
		Release|ARM = Release|ARM
		Release|iPhone = Release|iPhone
		Release|iPhoneSimulator = Release|iPhoneSimulator
		Release|x86 = Release|x86
	EndGlobalSection
	GlobalSection(ProjectConfigurationPlatforms) = postSolution
		{D68B3F59-FE45-470A-A418-98F6BD51A453}.Ad-Hoc|Any CPU.ActiveCfg = Release|Any CPU
		{D68B3F59-FE45-470A-A418-98F6BD51A453}.Ad-Hoc|Any CPU.Build.0 = Release|Any CPU
		{D68B3F59-FE45-470A-A418-98F6BD51A453}.Ad-Hoc|Any CPU.Deploy.0 = Release|Any CPU
		{D68B3F59-FE45-470A-A418-98F6BD51A453}.Ad-Hoc|ARM.ActiveCfg = Release|Any CPU
		{D68B3F59-FE45-470A-A418-98F6BD51A453}.Ad-Hoc|ARM.Build.0 = Release|Any CPU
		{D68B3F59-FE45-470A-A418-98F6BD51A453}.Ad-Hoc|ARM.Deploy.0 = Release|Any CPU
		{D68B3F59-FE45-470A-A418-98F6BD51A453}.Ad-Hoc|iPhone.ActiveCfg = Release|Any CPU
		{D68B3F59-FE45-470A-A418-98F6BD51A453}.Ad-Hoc|iPhone.Build.0 = Release|Any CPU
		{D68B3F59-FE45-470A-A418-98F6BD51A453}.Ad-Hoc|iPhone.Deploy.0 = Release|Any CPU
		{D68B3F59-FE45-470A-A418-98F6BD51A453}.Ad-Hoc|iPhoneSimulator.ActiveCfg = Release|Any CPU
		{D68B3F59-FE45-470A-A418-98F6BD51A453}.Ad-Hoc|iPhoneSimulator.Build.0 = Release|Any CPU
		{D68B3F59-FE45-470A-A418-98F6BD51A453}.Ad-Hoc|iPhoneSimulator.Deploy.0 = Release|Any CPU
		{D68B3F59-FE45-470A-A418-98F6BD51A453}.Ad-Hoc|x86.ActiveCfg = Release|Any CPU
		{D68B3F59-FE45-470A-A418-98F6BD51A453}.Ad-Hoc|x86.Build.0 = Release|Any CPU
		{D68B3F59-FE45-470A-A418-98F6BD51A453}.Ad-Hoc|x86.Deploy.0 = Release|Any CPU
		{D68B3F59-FE45-470A-A418-98F6BD51A453}.AppStore|Any CPU.ActiveCfg = Release|Any CPU
		{D68B3F59-FE45-470A-A418-98F6BD51A453}.AppStore|Any CPU.Build.0 = Release|Any CPU
		{D68B3F59-FE45-470A-A418-98F6BD51A453}.AppStore|Any CPU.Deploy.0 = Release|Any CPU
		{D68B3F59-FE45-470A-A418-98F6BD51A453}.AppStore|ARM.ActiveCfg = Release|Any CPU
		{D68B3F59-FE45-470A-A418-98F6BD51A453}.AppStore|ARM.Build.0 = Release|Any CPU
		{D68B3F59-FE45-470A-A418-98F6BD51A453}.AppStore|ARM.Deploy.0 = Release|Any CPU
		{D68B3F59-FE45-470A-A418-98F6BD51A453}.AppStore|iPhone.ActiveCfg = Release|Any CPU
		{D68B3F59-FE45-470A-A418-98F6BD51A453}.AppStore|iPhone.Build.0 = Release|Any CPU
		{D68B3F59-FE45-470A-A418-98F6BD51A453}.AppStore|iPhone.Deploy.0 = Release|Any CPU
		{D68B3F59-FE45-470A-A418-98F6BD51A453}.AppStore|iPhoneSimulator.ActiveCfg = Release|Any CPU
		{D68B3F59-FE45-470A-A418-98F6BD51A453}.AppStore|iPhoneSimulator.Build.0 = Release|Any CPU
		{D68B3F59-FE45-470A-A418-98F6BD51A453}.AppStore|iPhoneSimulator.Deploy.0 = Release|Any CPU
		{D68B3F59-FE45-470A-A418-98F6BD51A453}.AppStore|x86.ActiveCfg = Release|Any CPU
		{D68B3F59-FE45-470A-A418-98F6BD51A453}.AppStore|x86.Build.0 = Release|Any CPU
		{D68B3F59-FE45-470A-A418-98F6BD51A453}.AppStore|x86.Deploy.0 = Release|Any CPU
		{D68B3F59-FE45-470A-A418-98F6BD51A453}.Debug|Any CPU.ActiveCfg = Debug|Any CPU
		{D68B3F59-FE45-470A-A418-98F6BD51A453}.Debug|Any CPU.Build.0 = Debug|Any CPU
		{D68B3F59-FE45-470A-A418-98F6BD51A453}.Debug|Any CPU.Deploy.0 = Debug|Any CPU
		{D68B3F59-FE45-470A-A418-98F6BD51A453}.Debug|ARM.ActiveCfg = Debug|Any CPU
		{D68B3F59-FE45-470A-A418-98F6BD51A453}.Debug|ARM.Build.0 = Debug|Any CPU
		{D68B3F59-FE45-470A-A418-98F6BD51A453}.Debug|ARM.Deploy.0 = Debug|Any CPU
		{D68B3F59-FE45-470A-A418-98F6BD51A453}.Debug|iPhone.ActiveCfg = Debug|Any CPU
		{D68B3F59-FE45-470A-A418-98F6BD51A453}.Debug|iPhone.Build.0 = Debug|Any CPU
		{D68B3F59-FE45-470A-A418-98F6BD51A453}.Debug|iPhone.Deploy.0 = Debug|Any CPU
		{D68B3F59-FE45-470A-A418-98F6BD51A453}.Debug|iPhoneSimulator.ActiveCfg = Debug|Any CPU
		{D68B3F59-FE45-470A-A418-98F6BD51A453}.Debug|iPhoneSimulator.Build.0 = Debug|Any CPU
		{D68B3F59-FE45-470A-A418-98F6BD51A453}.Debug|iPhoneSimulator.Deploy.0 = Debug|Any CPU
		{D68B3F59-FE45-470A-A418-98F6BD51A453}.Debug|x86.ActiveCfg = Debug|Any CPU
		{D68B3F59-FE45-470A-A418-98F6BD51A453}.Debug|x86.Build.0 = Debug|Any CPU
		{D68B3F59-FE45-470A-A418-98F6BD51A453}.Debug|x86.Deploy.0 = Debug|Any CPU
		{D68B3F59-FE45-470A-A418-98F6BD51A453}.Release|Any CPU.ActiveCfg = Release|Any CPU
		{D68B3F59-FE45-470A-A418-98F6BD51A453}.Release|Any CPU.Build.0 = Release|Any CPU
		{D68B3F59-FE45-470A-A418-98F6BD51A453}.Release|Any CPU.Deploy.0 = Release|Any CPU
		{D68B3F59-FE45-470A-A418-98F6BD51A453}.Release|ARM.ActiveCfg = Release|Any CPU
		{D68B3F59-FE45-470A-A418-98F6BD51A453}.Release|ARM.Build.0 = Release|Any CPU
		{D68B3F59-FE45-470A-A418-98F6BD51A453}.Release|ARM.Deploy.0 = Release|Any CPU
		{D68B3F59-FE45-470A-A418-98F6BD51A453}.Release|iPhone.ActiveCfg = Release|Any CPU
		{D68B3F59-FE45-470A-A418-98F6BD51A453}.Release|iPhone.Build.0 = Release|Any CPU
		{D68B3F59-FE45-470A-A418-98F6BD51A453}.Release|iPhone.Deploy.0 = Release|Any CPU
		{D68B3F59-FE45-470A-A418-98F6BD51A453}.Release|iPhoneSimulator.ActiveCfg = Release|Any CPU
		{D68B3F59-FE45-470A-A418-98F6BD51A453}.Release|iPhoneSimulator.Build.0 = Release|Any CPU
		{D68B3F59-FE45-470A-A418-98F6BD51A453}.Release|iPhoneSimulator.Deploy.0 = Release|Any CPU
		{D68B3F59-FE45-470A-A418-98F6BD51A453}.Release|x86.ActiveCfg = Release|Any CPU
		{D68B3F59-FE45-470A-A418-98F6BD51A453}.Release|x86.Build.0 = Release|Any CPU
		{D68B3F59-FE45-470A-A418-98F6BD51A453}.Release|x86.Deploy.0 = Release|Any CPU
		{626ED045-4F0A-4AC8-983F-F0BC0D2705A6}.Ad-Hoc|Any CPU.ActiveCfg = Ad-Hoc|iPhone
		{626ED045-4F0A-4AC8-983F-F0BC0D2705A6}.Ad-Hoc|ARM.ActiveCfg = Ad-Hoc|iPhone
		{626ED045-4F0A-4AC8-983F-F0BC0D2705A6}.Ad-Hoc|iPhone.ActiveCfg = Ad-Hoc|iPhone
		{626ED045-4F0A-4AC8-983F-F0BC0D2705A6}.Ad-Hoc|iPhone.Build.0 = Ad-Hoc|iPhone
		{626ED045-4F0A-4AC8-983F-F0BC0D2705A6}.Ad-Hoc|iPhoneSimulator.ActiveCfg = Ad-Hoc|iPhoneSimulator
		{626ED045-4F0A-4AC8-983F-F0BC0D2705A6}.Ad-Hoc|iPhoneSimulator.Build.0 = Ad-Hoc|iPhoneSimulator
		{626ED045-4F0A-4AC8-983F-F0BC0D2705A6}.Ad-Hoc|x86.ActiveCfg = Ad-Hoc|iPhone
		{626ED045-4F0A-4AC8-983F-F0BC0D2705A6}.AppStore|Any CPU.ActiveCfg = AppStore|iPhone
		{626ED045-4F0A-4AC8-983F-F0BC0D2705A6}.AppStore|ARM.ActiveCfg = AppStore|iPhone
		{626ED045-4F0A-4AC8-983F-F0BC0D2705A6}.AppStore|iPhone.ActiveCfg = AppStore|iPhone
		{626ED045-4F0A-4AC8-983F-F0BC0D2705A6}.AppStore|iPhone.Build.0 = AppStore|iPhone
		{626ED045-4F0A-4AC8-983F-F0BC0D2705A6}.AppStore|iPhoneSimulator.ActiveCfg = AppStore|iPhoneSimulator
		{626ED045-4F0A-4AC8-983F-F0BC0D2705A6}.AppStore|iPhoneSimulator.Build.0 = AppStore|iPhoneSimulator
		{626ED045-4F0A-4AC8-983F-F0BC0D2705A6}.AppStore|x86.ActiveCfg = AppStore|iPhone
		{626ED045-4F0A-4AC8-983F-F0BC0D2705A6}.Debug|Any CPU.ActiveCfg = Debug|iPhone
		{626ED045-4F0A-4AC8-983F-F0BC0D2705A6}.Debug|ARM.ActiveCfg = Debug|iPhone
		{626ED045-4F0A-4AC8-983F-F0BC0D2705A6}.Debug|iPhone.ActiveCfg = Debug|iPhone
		{626ED045-4F0A-4AC8-983F-F0BC0D2705A6}.Debug|iPhone.Build.0 = Debug|iPhone
		{626ED045-4F0A-4AC8-983F-F0BC0D2705A6}.Debug|iPhoneSimulator.ActiveCfg = Debug|iPhoneSimulator
		{626ED045-4F0A-4AC8-983F-F0BC0D2705A6}.Debug|iPhoneSimulator.Build.0 = Debug|iPhoneSimulator
		{626ED045-4F0A-4AC8-983F-F0BC0D2705A6}.Debug|x86.ActiveCfg = Debug|iPhone
		{626ED045-4F0A-4AC8-983F-F0BC0D2705A6}.Release|Any CPU.ActiveCfg = Release|iPhone
		{626ED045-4F0A-4AC8-983F-F0BC0D2705A6}.Release|ARM.ActiveCfg = Release|iPhone
		{626ED045-4F0A-4AC8-983F-F0BC0D2705A6}.Release|iPhone.ActiveCfg = Release|iPhone
		{626ED045-4F0A-4AC8-983F-F0BC0D2705A6}.Release|iPhone.Build.0 = Release|iPhone
		{626ED045-4F0A-4AC8-983F-F0BC0D2705A6}.Release|iPhoneSimulator.ActiveCfg = Release|iPhoneSimulator
		{626ED045-4F0A-4AC8-983F-F0BC0D2705A6}.Release|iPhoneSimulator.Build.0 = Release|iPhoneSimulator
		{626ED045-4F0A-4AC8-983F-F0BC0D2705A6}.Release|x86.ActiveCfg = Release|iPhone
		{A08357F6-5AFE-4121-9309-F3F5DFEAFB13}.Ad-Hoc|Any CPU.ActiveCfg = Release|Any CPU
		{A08357F6-5AFE-4121-9309-F3F5DFEAFB13}.Ad-Hoc|Any CPU.Build.0 = Release|Any CPU
		{A08357F6-5AFE-4121-9309-F3F5DFEAFB13}.Ad-Hoc|Any CPU.Deploy.0 = Release|Any CPU
		{A08357F6-5AFE-4121-9309-F3F5DFEAFB13}.Ad-Hoc|ARM.ActiveCfg = Release|ARM
		{A08357F6-5AFE-4121-9309-F3F5DFEAFB13}.Ad-Hoc|ARM.Build.0 = Release|ARM
		{A08357F6-5AFE-4121-9309-F3F5DFEAFB13}.Ad-Hoc|ARM.Deploy.0 = Release|ARM
		{A08357F6-5AFE-4121-9309-F3F5DFEAFB13}.Ad-Hoc|iPhone.ActiveCfg = Release|Any CPU
		{A08357F6-5AFE-4121-9309-F3F5DFEAFB13}.Ad-Hoc|iPhone.Build.0 = Release|Any CPU
		{A08357F6-5AFE-4121-9309-F3F5DFEAFB13}.Ad-Hoc|iPhone.Deploy.0 = Release|Any CPU
		{A08357F6-5AFE-4121-9309-F3F5DFEAFB13}.Ad-Hoc|iPhoneSimulator.ActiveCfg = Release|Any CPU
		{A08357F6-5AFE-4121-9309-F3F5DFEAFB13}.Ad-Hoc|iPhoneSimulator.Build.0 = Release|Any CPU
		{A08357F6-5AFE-4121-9309-F3F5DFEAFB13}.Ad-Hoc|iPhoneSimulator.Deploy.0 = Release|Any CPU
		{A08357F6-5AFE-4121-9309-F3F5DFEAFB13}.Ad-Hoc|x86.ActiveCfg = Release|x86
		{A08357F6-5AFE-4121-9309-F3F5DFEAFB13}.Ad-Hoc|x86.Build.0 = Release|x86
		{A08357F6-5AFE-4121-9309-F3F5DFEAFB13}.Ad-Hoc|x86.Deploy.0 = Release|x86
		{A08357F6-5AFE-4121-9309-F3F5DFEAFB13}.AppStore|Any CPU.ActiveCfg = Release|Any CPU
		{A08357F6-5AFE-4121-9309-F3F5DFEAFB13}.AppStore|Any CPU.Build.0 = Release|Any CPU
		{A08357F6-5AFE-4121-9309-F3F5DFEAFB13}.AppStore|Any CPU.Deploy.0 = Release|Any CPU
		{A08357F6-5AFE-4121-9309-F3F5DFEAFB13}.AppStore|ARM.ActiveCfg = Release|ARM
		{A08357F6-5AFE-4121-9309-F3F5DFEAFB13}.AppStore|ARM.Build.0 = Release|ARM
		{A08357F6-5AFE-4121-9309-F3F5DFEAFB13}.AppStore|ARM.Deploy.0 = Release|ARM
		{A08357F6-5AFE-4121-9309-F3F5DFEAFB13}.AppStore|iPhone.ActiveCfg = Release|Any CPU
		{A08357F6-5AFE-4121-9309-F3F5DFEAFB13}.AppStore|iPhone.Build.0 = Release|Any CPU
		{A08357F6-5AFE-4121-9309-F3F5DFEAFB13}.AppStore|iPhone.Deploy.0 = Release|Any CPU
		{A08357F6-5AFE-4121-9309-F3F5DFEAFB13}.AppStore|iPhoneSimulator.ActiveCfg = Release|Any CPU
		{A08357F6-5AFE-4121-9309-F3F5DFEAFB13}.AppStore|iPhoneSimulator.Build.0 = Release|Any CPU
		{A08357F6-5AFE-4121-9309-F3F5DFEAFB13}.AppStore|iPhoneSimulator.Deploy.0 = Release|Any CPU
		{A08357F6-5AFE-4121-9309-F3F5DFEAFB13}.AppStore|x86.ActiveCfg = Release|x86
		{A08357F6-5AFE-4121-9309-F3F5DFEAFB13}.AppStore|x86.Build.0 = Release|x86
		{A08357F6-5AFE-4121-9309-F3F5DFEAFB13}.AppStore|x86.Deploy.0 = Release|x86
		{A08357F6-5AFE-4121-9309-F3F5DFEAFB13}.Debug|Any CPU.ActiveCfg = Debug|Any CPU
		{A08357F6-5AFE-4121-9309-F3F5DFEAFB13}.Debug|Any CPU.Build.0 = Debug|Any CPU
		{A08357F6-5AFE-4121-9309-F3F5DFEAFB13}.Debug|Any CPU.Deploy.0 = Debug|Any CPU
		{A08357F6-5AFE-4121-9309-F3F5DFEAFB13}.Debug|ARM.ActiveCfg = Debug|ARM
		{A08357F6-5AFE-4121-9309-F3F5DFEAFB13}.Debug|ARM.Build.0 = Debug|ARM
		{A08357F6-5AFE-4121-9309-F3F5DFEAFB13}.Debug|ARM.Deploy.0 = Debug|ARM
		{A08357F6-5AFE-4121-9309-F3F5DFEAFB13}.Debug|iPhone.ActiveCfg = Debug|Any CPU
		{A08357F6-5AFE-4121-9309-F3F5DFEAFB13}.Debug|iPhone.Build.0 = Debug|Any CPU
		{A08357F6-5AFE-4121-9309-F3F5DFEAFB13}.Debug|iPhone.Deploy.0 = Debug|Any CPU
		{A08357F6-5AFE-4121-9309-F3F5DFEAFB13}.Debug|iPhoneSimulator.ActiveCfg = Debug|Any CPU
		{A08357F6-5AFE-4121-9309-F3F5DFEAFB13}.Debug|iPhoneSimulator.Build.0 = Debug|Any CPU
		{A08357F6-5AFE-4121-9309-F3F5DFEAFB13}.Debug|iPhoneSimulator.Deploy.0 = Debug|Any CPU
		{A08357F6-5AFE-4121-9309-F3F5DFEAFB13}.Debug|x86.ActiveCfg = Debug|x86
		{A08357F6-5AFE-4121-9309-F3F5DFEAFB13}.Debug|x86.Build.0 = Debug|x86
		{A08357F6-5AFE-4121-9309-F3F5DFEAFB13}.Debug|x86.Deploy.0 = Debug|x86
		{A08357F6-5AFE-4121-9309-F3F5DFEAFB13}.Release|Any CPU.ActiveCfg = Release|Any CPU
		{A08357F6-5AFE-4121-9309-F3F5DFEAFB13}.Release|Any CPU.Build.0 = Release|Any CPU
		{A08357F6-5AFE-4121-9309-F3F5DFEAFB13}.Release|Any CPU.Deploy.0 = Release|Any CPU
		{A08357F6-5AFE-4121-9309-F3F5DFEAFB13}.Release|ARM.ActiveCfg = Release|ARM
		{A08357F6-5AFE-4121-9309-F3F5DFEAFB13}.Release|ARM.Build.0 = Release|ARM
		{A08357F6-5AFE-4121-9309-F3F5DFEAFB13}.Release|ARM.Deploy.0 = Release|ARM
		{A08357F6-5AFE-4121-9309-F3F5DFEAFB13}.Release|iPhone.ActiveCfg = Release|Any CPU
		{A08357F6-5AFE-4121-9309-F3F5DFEAFB13}.Release|iPhone.Build.0 = Release|Any CPU
		{A08357F6-5AFE-4121-9309-F3F5DFEAFB13}.Release|iPhone.Deploy.0 = Release|Any CPU
		{A08357F6-5AFE-4121-9309-F3F5DFEAFB13}.Release|iPhoneSimulator.ActiveCfg = Release|Any CPU
		{A08357F6-5AFE-4121-9309-F3F5DFEAFB13}.Release|iPhoneSimulator.Build.0 = Release|Any CPU
		{A08357F6-5AFE-4121-9309-F3F5DFEAFB13}.Release|iPhoneSimulator.Deploy.0 = Release|Any CPU
		{A08357F6-5AFE-4121-9309-F3F5DFEAFB13}.Release|x86.ActiveCfg = Release|x86
		{A08357F6-5AFE-4121-9309-F3F5DFEAFB13}.Release|x86.Build.0 = Release|x86
		{A08357F6-5AFE-4121-9309-F3F5DFEAFB13}.Release|x86.Deploy.0 = Release|x86
		{C53ACDA2-64DA-41DD-AB8A-49DA5706CE8E}.Ad-Hoc|Any CPU.ActiveCfg = Release|Any CPU
		{C53ACDA2-64DA-41DD-AB8A-49DA5706CE8E}.Ad-Hoc|Any CPU.Build.0 = Release|Any CPU
		{C53ACDA2-64DA-41DD-AB8A-49DA5706CE8E}.Ad-Hoc|ARM.ActiveCfg = Release|Any CPU
		{C53ACDA2-64DA-41DD-AB8A-49DA5706CE8E}.Ad-Hoc|ARM.Build.0 = Release|Any CPU
		{C53ACDA2-64DA-41DD-AB8A-49DA5706CE8E}.Ad-Hoc|iPhone.ActiveCfg = Release|Any CPU
		{C53ACDA2-64DA-41DD-AB8A-49DA5706CE8E}.Ad-Hoc|iPhone.Build.0 = Release|Any CPU
		{C53ACDA2-64DA-41DD-AB8A-49DA5706CE8E}.Ad-Hoc|iPhoneSimulator.ActiveCfg = Release|Any CPU
		{C53ACDA2-64DA-41DD-AB8A-49DA5706CE8E}.Ad-Hoc|iPhoneSimulator.Build.0 = Release|Any CPU
		{C53ACDA2-64DA-41DD-AB8A-49DA5706CE8E}.Ad-Hoc|x86.ActiveCfg = Release|Any CPU
		{C53ACDA2-64DA-41DD-AB8A-49DA5706CE8E}.Ad-Hoc|x86.Build.0 = Release|Any CPU
		{C53ACDA2-64DA-41DD-AB8A-49DA5706CE8E}.AppStore|Any CPU.ActiveCfg = Release|Any CPU
		{C53ACDA2-64DA-41DD-AB8A-49DA5706CE8E}.AppStore|Any CPU.Build.0 = Release|Any CPU
		{C53ACDA2-64DA-41DD-AB8A-49DA5706CE8E}.AppStore|ARM.ActiveCfg = Release|Any CPU
		{C53ACDA2-64DA-41DD-AB8A-49DA5706CE8E}.AppStore|ARM.Build.0 = Release|Any CPU
		{C53ACDA2-64DA-41DD-AB8A-49DA5706CE8E}.AppStore|iPhone.ActiveCfg = Release|Any CPU
		{C53ACDA2-64DA-41DD-AB8A-49DA5706CE8E}.AppStore|iPhone.Build.0 = Release|Any CPU
		{C53ACDA2-64DA-41DD-AB8A-49DA5706CE8E}.AppStore|iPhoneSimulator.ActiveCfg = Release|Any CPU
		{C53ACDA2-64DA-41DD-AB8A-49DA5706CE8E}.AppStore|iPhoneSimulator.Build.0 = Release|Any CPU
		{C53ACDA2-64DA-41DD-AB8A-49DA5706CE8E}.AppStore|x86.ActiveCfg = Release|Any CPU
		{C53ACDA2-64DA-41DD-AB8A-49DA5706CE8E}.AppStore|x86.Build.0 = Release|Any CPU
		{C53ACDA2-64DA-41DD-AB8A-49DA5706CE8E}.Debug|Any CPU.ActiveCfg = Debug|Any CPU
		{C53ACDA2-64DA-41DD-AB8A-49DA5706CE8E}.Debug|Any CPU.Build.0 = Debug|Any CPU
		{C53ACDA2-64DA-41DD-AB8A-49DA5706CE8E}.Debug|ARM.ActiveCfg = Debug|Any CPU
		{C53ACDA2-64DA-41DD-AB8A-49DA5706CE8E}.Debug|ARM.Build.0 = Debug|Any CPU
		{C53ACDA2-64DA-41DD-AB8A-49DA5706CE8E}.Debug|iPhone.ActiveCfg = Debug|Any CPU
		{C53ACDA2-64DA-41DD-AB8A-49DA5706CE8E}.Debug|iPhone.Build.0 = Debug|Any CPU
		{C53ACDA2-64DA-41DD-AB8A-49DA5706CE8E}.Debug|iPhoneSimulator.ActiveCfg = Debug|Any CPU
		{C53ACDA2-64DA-41DD-AB8A-49DA5706CE8E}.Debug|iPhoneSimulator.Build.0 = Debug|Any CPU
		{C53ACDA2-64DA-41DD-AB8A-49DA5706CE8E}.Debug|x86.ActiveCfg = Debug|Any CPU
		{C53ACDA2-64DA-41DD-AB8A-49DA5706CE8E}.Debug|x86.Build.0 = Debug|Any CPU
		{C53ACDA2-64DA-41DD-AB8A-49DA5706CE8E}.Release|Any CPU.ActiveCfg = Release|Any CPU
		{C53ACDA2-64DA-41DD-AB8A-49DA5706CE8E}.Release|Any CPU.Build.0 = Release|Any CPU
		{C53ACDA2-64DA-41DD-AB8A-49DA5706CE8E}.Release|ARM.ActiveCfg = Release|Any CPU
		{C53ACDA2-64DA-41DD-AB8A-49DA5706CE8E}.Release|ARM.Build.0 = Release|Any CPU
		{C53ACDA2-64DA-41DD-AB8A-49DA5706CE8E}.Release|iPhone.ActiveCfg = Release|Any CPU
		{C53ACDA2-64DA-41DD-AB8A-49DA5706CE8E}.Release|iPhone.Build.0 = Release|Any CPU
		{C53ACDA2-64DA-41DD-AB8A-49DA5706CE8E}.Release|iPhoneSimulator.ActiveCfg = Release|Any CPU
		{C53ACDA2-64DA-41DD-AB8A-49DA5706CE8E}.Release|iPhoneSimulator.Build.0 = Release|Any CPU
		{C53ACDA2-64DA-41DD-AB8A-49DA5706CE8E}.Release|x86.ActiveCfg = Release|Any CPU
		{C53ACDA2-64DA-41DD-AB8A-49DA5706CE8E}.Release|x86.Build.0 = Release|Any CPU
		{FCF77836-95D6-43C4-A008-88B487525BE5}.Ad-Hoc|Any CPU.ActiveCfg = Release|Any CPU
		{FCF77836-95D6-43C4-A008-88B487525BE5}.Ad-Hoc|Any CPU.Build.0 = Release|Any CPU
		{FCF77836-95D6-43C4-A008-88B487525BE5}.Ad-Hoc|ARM.ActiveCfg = Release|Any CPU
		{FCF77836-95D6-43C4-A008-88B487525BE5}.Ad-Hoc|ARM.Build.0 = Release|Any CPU
		{FCF77836-95D6-43C4-A008-88B487525BE5}.Ad-Hoc|iPhone.ActiveCfg = Release|Any CPU
		{FCF77836-95D6-43C4-A008-88B487525BE5}.Ad-Hoc|iPhone.Build.0 = Release|Any CPU
		{FCF77836-95D6-43C4-A008-88B487525BE5}.Ad-Hoc|iPhoneSimulator.ActiveCfg = Release|Any CPU
		{FCF77836-95D6-43C4-A008-88B487525BE5}.Ad-Hoc|iPhoneSimulator.Build.0 = Release|Any CPU
		{FCF77836-95D6-43C4-A008-88B487525BE5}.Ad-Hoc|x86.ActiveCfg = Release|Any CPU
		{FCF77836-95D6-43C4-A008-88B487525BE5}.Ad-Hoc|x86.Build.0 = Release|Any CPU
		{FCF77836-95D6-43C4-A008-88B487525BE5}.AppStore|Any CPU.ActiveCfg = Release|Any CPU
		{FCF77836-95D6-43C4-A008-88B487525BE5}.AppStore|Any CPU.Build.0 = Release|Any CPU
		{FCF77836-95D6-43C4-A008-88B487525BE5}.AppStore|ARM.ActiveCfg = Release|Any CPU
		{FCF77836-95D6-43C4-A008-88B487525BE5}.AppStore|ARM.Build.0 = Release|Any CPU
		{FCF77836-95D6-43C4-A008-88B487525BE5}.AppStore|iPhone.ActiveCfg = Release|Any CPU
		{FCF77836-95D6-43C4-A008-88B487525BE5}.AppStore|iPhone.Build.0 = Release|Any CPU
		{FCF77836-95D6-43C4-A008-88B487525BE5}.AppStore|iPhoneSimulator.ActiveCfg = Release|Any CPU
		{FCF77836-95D6-43C4-A008-88B487525BE5}.AppStore|iPhoneSimulator.Build.0 = Release|Any CPU
		{FCF77836-95D6-43C4-A008-88B487525BE5}.AppStore|x86.ActiveCfg = Release|Any CPU
		{FCF77836-95D6-43C4-A008-88B487525BE5}.AppStore|x86.Build.0 = Release|Any CPU
		{FCF77836-95D6-43C4-A008-88B487525BE5}.Debug|Any CPU.ActiveCfg = Debug|Any CPU
		{FCF77836-95D6-43C4-A008-88B487525BE5}.Debug|Any CPU.Build.0 = Debug|Any CPU
		{FCF77836-95D6-43C4-A008-88B487525BE5}.Debug|ARM.ActiveCfg = Debug|Any CPU
		{FCF77836-95D6-43C4-A008-88B487525BE5}.Debug|ARM.Build.0 = Debug|Any CPU
		{FCF77836-95D6-43C4-A008-88B487525BE5}.Debug|iPhone.ActiveCfg = Debug|Any CPU
		{FCF77836-95D6-43C4-A008-88B487525BE5}.Debug|iPhone.Build.0 = Debug|Any CPU
		{FCF77836-95D6-43C4-A008-88B487525BE5}.Debug|iPhoneSimulator.ActiveCfg = Debug|Any CPU
		{FCF77836-95D6-43C4-A008-88B487525BE5}.Debug|iPhoneSimulator.Build.0 = Debug|Any CPU
		{FCF77836-95D6-43C4-A008-88B487525BE5}.Debug|x86.ActiveCfg = Debug|Any CPU
		{FCF77836-95D6-43C4-A008-88B487525BE5}.Debug|x86.Build.0 = Debug|Any CPU
		{FCF77836-95D6-43C4-A008-88B487525BE5}.Release|Any CPU.ActiveCfg = Release|Any CPU
		{FCF77836-95D6-43C4-A008-88B487525BE5}.Release|Any CPU.Build.0 = Release|Any CPU
		{FCF77836-95D6-43C4-A008-88B487525BE5}.Release|ARM.ActiveCfg = Release|Any CPU
		{FCF77836-95D6-43C4-A008-88B487525BE5}.Release|ARM.Build.0 = Release|Any CPU
		{FCF77836-95D6-43C4-A008-88B487525BE5}.Release|iPhone.ActiveCfg = Release|Any CPU
		{FCF77836-95D6-43C4-A008-88B487525BE5}.Release|iPhone.Build.0 = Release|Any CPU
		{FCF77836-95D6-43C4-A008-88B487525BE5}.Release|iPhoneSimulator.ActiveCfg = Release|Any CPU
		{FCF77836-95D6-43C4-A008-88B487525BE5}.Release|iPhoneSimulator.Build.0 = Release|Any CPU
		{FCF77836-95D6-43C4-A008-88B487525BE5}.Release|x86.ActiveCfg = Release|Any CPU
		{FCF77836-95D6-43C4-A008-88B487525BE5}.Release|x86.Build.0 = Release|Any CPU
		{79A886E1-B969-4E6B-A872-850EA32A7151}.Ad-Hoc|Any CPU.ActiveCfg = Release|Any CPU
		{79A886E1-B969-4E6B-A872-850EA32A7151}.Ad-Hoc|Any CPU.Build.0 = Release|Any CPU
		{79A886E1-B969-4E6B-A872-850EA32A7151}.Ad-Hoc|ARM.ActiveCfg = Release|Any CPU
		{79A886E1-B969-4E6B-A872-850EA32A7151}.Ad-Hoc|ARM.Build.0 = Release|Any CPU
		{79A886E1-B969-4E6B-A872-850EA32A7151}.Ad-Hoc|iPhone.ActiveCfg = Release|Any CPU
		{79A886E1-B969-4E6B-A872-850EA32A7151}.Ad-Hoc|iPhone.Build.0 = Release|Any CPU
		{79A886E1-B969-4E6B-A872-850EA32A7151}.Ad-Hoc|iPhoneSimulator.ActiveCfg = Release|Any CPU
		{79A886E1-B969-4E6B-A872-850EA32A7151}.Ad-Hoc|iPhoneSimulator.Build.0 = Release|Any CPU
		{79A886E1-B969-4E6B-A872-850EA32A7151}.Ad-Hoc|x86.ActiveCfg = Release|Any CPU
		{79A886E1-B969-4E6B-A872-850EA32A7151}.Ad-Hoc|x86.Build.0 = Release|Any CPU
		{79A886E1-B969-4E6B-A872-850EA32A7151}.AppStore|Any CPU.ActiveCfg = Release|Any CPU
		{79A886E1-B969-4E6B-A872-850EA32A7151}.AppStore|Any CPU.Build.0 = Release|Any CPU
		{79A886E1-B969-4E6B-A872-850EA32A7151}.AppStore|ARM.ActiveCfg = Release|Any CPU
		{79A886E1-B969-4E6B-A872-850EA32A7151}.AppStore|ARM.Build.0 = Release|Any CPU
		{79A886E1-B969-4E6B-A872-850EA32A7151}.AppStore|iPhone.ActiveCfg = Release|Any CPU
		{79A886E1-B969-4E6B-A872-850EA32A7151}.AppStore|iPhone.Build.0 = Release|Any CPU
		{79A886E1-B969-4E6B-A872-850EA32A7151}.AppStore|iPhoneSimulator.ActiveCfg = Release|Any CPU
		{79A886E1-B969-4E6B-A872-850EA32A7151}.AppStore|iPhoneSimulator.Build.0 = Release|Any CPU
		{79A886E1-B969-4E6B-A872-850EA32A7151}.AppStore|x86.ActiveCfg = Release|Any CPU
		{79A886E1-B969-4E6B-A872-850EA32A7151}.AppStore|x86.Build.0 = Release|Any CPU
		{79A886E1-B969-4E6B-A872-850EA32A7151}.Debug|Any CPU.ActiveCfg = Debug|Any CPU
		{79A886E1-B969-4E6B-A872-850EA32A7151}.Debug|Any CPU.Build.0 = Debug|Any CPU
		{79A886E1-B969-4E6B-A872-850EA32A7151}.Debug|ARM.ActiveCfg = Debug|Any CPU
		{79A886E1-B969-4E6B-A872-850EA32A7151}.Debug|ARM.Build.0 = Debug|Any CPU
		{79A886E1-B969-4E6B-A872-850EA32A7151}.Debug|iPhone.ActiveCfg = Debug|Any CPU
		{79A886E1-B969-4E6B-A872-850EA32A7151}.Debug|iPhone.Build.0 = Debug|Any CPU
		{79A886E1-B969-4E6B-A872-850EA32A7151}.Debug|iPhoneSimulator.ActiveCfg = Debug|Any CPU
		{79A886E1-B969-4E6B-A872-850EA32A7151}.Debug|iPhoneSimulator.Build.0 = Debug|Any CPU
		{79A886E1-B969-4E6B-A872-850EA32A7151}.Debug|x86.ActiveCfg = Debug|Any CPU
		{79A886E1-B969-4E6B-A872-850EA32A7151}.Debug|x86.Build.0 = Debug|Any CPU
		{79A886E1-B969-4E6B-A872-850EA32A7151}.Release|Any CPU.ActiveCfg = Release|Any CPU
		{79A886E1-B969-4E6B-A872-850EA32A7151}.Release|Any CPU.Build.0 = Release|Any CPU
		{79A886E1-B969-4E6B-A872-850EA32A7151}.Release|ARM.ActiveCfg = Release|Any CPU
		{79A886E1-B969-4E6B-A872-850EA32A7151}.Release|ARM.Build.0 = Release|Any CPU
		{79A886E1-B969-4E6B-A872-850EA32A7151}.Release|iPhone.ActiveCfg = Release|Any CPU
		{79A886E1-B969-4E6B-A872-850EA32A7151}.Release|iPhone.Build.0 = Release|Any CPU
		{79A886E1-B969-4E6B-A872-850EA32A7151}.Release|iPhoneSimulator.ActiveCfg = Release|Any CPU
		{79A886E1-B969-4E6B-A872-850EA32A7151}.Release|iPhoneSimulator.Build.0 = Release|Any CPU
		{79A886E1-B969-4E6B-A872-850EA32A7151}.Release|x86.ActiveCfg = Release|Any CPU
		{79A886E1-B969-4E6B-A872-850EA32A7151}.Release|x86.Build.0 = Release|Any CPU
	EndGlobalSection
	GlobalSection(SolutionProperties) = preSolution
		HideSolutionNode = FALSE
	EndGlobalSection
	GlobalSection(NestedProjects) = preSolution
		{D68B3F59-FE45-470A-A418-98F6BD51A453} = {233D247D-C0C0-439E-A2D6-27D1153B755E}
		{626ED045-4F0A-4AC8-983F-F0BC0D2705A6} = {233D247D-C0C0-439E-A2D6-27D1153B755E}
		{A08357F6-5AFE-4121-9309-F3F5DFEAFB13} = {233D247D-C0C0-439E-A2D6-27D1153B755E}
	EndGlobalSection
EndGlobal
